
Microsoft Visual Studio Solution File, Format Version 12.00
# Visual Studio Version 17
VisualStudioVersion = 17.14.36518.9 d17.14
MinimumVisualStudioVersion = 10.0.40219.1
Project("{8BC9CEB8-8B4A-11D0-8D11-00A0C91BC942}") = "ProblemNum30", "ProblemNum30.vcxproj", "{691DA901-BD04-481E-913D-B293C8C8A66E}"
EndProject
Global
	GlobalSection(SolutionConfigurationPlatforms) = preSolution
		Debug|x64 = Debug|x64
		Debug|x86 = Debug|x86
		Release|x64 = Release|x64
		Release|x86 = Release|x86
	EndGlobalSection
	GlobalSection(ProjectConfigurationPlatforms) = postSolution
		{691DA901-BD04-481E-913D-B293C8C8A66E}.Debug|x64.ActiveCfg = Debug|x64
		{691DA901-BD04-481E-913D-B293C8C8A66E}.Debug|x64.Build.0 = Debug|x64
		{691DA901-BD04-481E-913D-B293C8C8A66E}.Debug|x86.ActiveCfg = Debug|Win32
		{691DA901-BD04-481E-913D-B293C8C8A66E}.Debug|x86.Build.0 = Debug|Win32
		{691DA901-BD04-481E-913D-B293C8C8A66E}.Release|x64.ActiveCfg = Release|x64
		{691DA901-BD04-481E-913D-B293C8C8A66E}.Release|x64.Build.0 = Release|x64
		{691DA901-BD04-481E-913D-B293C8C8A66E}.Release|x86.ActiveCfg = Release|Win32
		{691DA901-BD04-481E-913D-B293C8C8A66E}.Release|x86.Build.0 = Release|Win32
	EndGlobalSection
	GlobalSection(SolutionProperties) = preSolution
		HideSolutionNode = FALSE
	EndGlobalSection
	GlobalSection(ExtensibilityGlobals) = postSolution
		SolutionGuid = {2DE8160B-5C40-456E-948A-623DA746B19A}
	EndGlobalSection
EndGlobal
