
Microsoft Visual Studio Solution File, Format Version 12.00
# Visual Studio Version 17
VisualStudioVersion = 17.14.36518.9 d17.14
MinimumVisualStudioVersion = 10.0.40219.1
Project("{8BC9CEB8-8B4A-11D0-8D11-00A0C91BC942}") = "ProblemNum16", "ProblemNum16.vcxproj", "{A8B5C850-B5D1-4A4F-A730-78F01A151CF1}"
EndProject
Global
	GlobalSection(SolutionConfigurationPlatforms) = preSolution
		Debug|x64 = Debug|x64
		Debug|x86 = Debug|x86
		Release|x64 = Release|x64
		Release|x86 = Release|x86
	EndGlobalSection
	GlobalSection(ProjectConfigurationPlatforms) = postSolution
		{A8B5C850-B5D1-4A4F-A730-78F01A151CF1}.Debug|x64.ActiveCfg = Debug|x64
		{A8B5C850-B5D1-4A4F-A730-78F01A151CF1}.Debug|x64.Build.0 = Debug|x64
		{A8B5C850-B5D1-4A4F-A730-78F01A151CF1}.Debug|x86.ActiveCfg = Debug|Win32
		{A8B5C850-B5D1-4A4F-A730-78F01A151CF1}.Debug|x86.Build.0 = Debug|Win32
		{A8B5C850-B5D1-4A4F-A730-78F01A151CF1}.Release|x64.ActiveCfg = Release|x64
		{A8B5C850-B5D1-4A4F-A730-78F01A151CF1}.Release|x64.Build.0 = Release|x64
		{A8B5C850-B5D1-4A4F-A730-78F01A151CF1}.Release|x86.ActiveCfg = Release|Win32
		{A8B5C850-B5D1-4A4F-A730-78F01A151CF1}.Release|x86.Build.0 = Release|Win32
	EndGlobalSection
	GlobalSection(SolutionProperties) = preSolution
		HideSolutionNode = FALSE
	EndGlobalSection
	GlobalSection(ExtensibilityGlobals) = postSolution
		SolutionGuid = {35141724-E9D3-40FA-9BEB-1FAB6BDF8DCB}
	EndGlobalSection
EndGlobal
